<Solution>
  <Project Path="Application.Console/Application.Console.csproj" />
  <Project Path="Application.Domain/Application.Domain.csproj" />
  <Project Path="Application.Entities/Application.Entities.csproj" Id="c8444f53-11bf-49ee-b21e-38f18c6acb8b" />
  <Project Path="Ding.Core/Ding.Core.csproj" />
</Solution>
